github.com/orcaman/concurrent-map/v2 v2.0.1 h1:jOJ5Pg2w1oeB6PeDurIYf6k9PQ+aTITr/6lP/L/zp6c=
github.com/orcaman/concurrent-map/v2 v2.0.1/go.mod h1:9Eq3TG2oBe5FirmYWQfYO5iH1q0Jv47PLaNK++uCdOM=
golang.org/x/sync v0.10.0 h1:3NQrjDixjgGwUOCaF8w2+VYHv0Ve/vGYSbdkTa98gmQ=
golang.org/x/sync v0.10.0/go.mod h1:Czt+wKu1gCyEFDUtn0jG5QVvpJ6rzVqr5aXyt9drQfk=
